
Microsoft Visual Studio Solution File, Format Version 12.00
Project("{FAE04EC0-301F-11D3-BF4B-00C04F79EFBC}") = "Api.Humor", "Api\HealthyMind\Api.Humor\Api.Humor.csproj", "{36CB05AD-4167-4B64-8EE9-AB83414646F7}"
EndProject
Project("{FAE04EC0-301F-11D3-BF4B-00C04F79EFBC}") = "Application.Humor", "Application\HealthyMind\Application.Humor\Application.Humor.csproj", "{F0DBD896-717A-431D-818E-6DD5CCA1FEB4}"
EndProject
Project("{FAE04EC0-301F-11D3-BF4B-00C04F79EFBC}") = "Domain.Humor", "Domain\HealthyMind\Domain.Humor\Domain.Humor.csproj", "{AC36F383-9303-49FC-92C1-8FBC2DDFB494}"
EndProject
Project("{FAE04EC0-301F-11D3-BF4B-00C04F79EFBC}") = "Data.Humor", "Infra\Infra.Data\Data.Humor\Data.Humor.csproj", "{2ACA79EE-1EE2-467C-948F-9CF061D2495D}"
EndProject
Project("{FAE04EC0-301F-11D3-BF4B-00C04F79EFBC}") = "IoC.Humor", "Infra\Infra.IoC\IoC.Humor\IoC.Humor.csproj", "{2067571B-33D9-4554-8CAA-9EBD3CB72CAF}"
EndProject
Project("{2150E333-8FDC-42A3-9474-1A3956D46DE8}") = "Domain", "Domain", "{7D2629E9-953B-4BC8-9A89-9442B3F901F0}"
EndProject
Project("{2150E333-8FDC-42A3-9474-1A3956D46DE8}") = "Application", "Application", "{713B0A94-45E7-4B0E-B93F-5EF2E8BE80ED}"
EndProject
Project("{2150E333-8FDC-42A3-9474-1A3956D46DE8}") = "Infra", "Infra", "{F9FC8273-48A4-4951-9A25-768F12CDB32F}"
EndProject
Project("{2150E333-8FDC-42A3-9474-1A3956D46DE8}") = "Infra.Data", "Infra.Data", "{5F61456B-E644-4687-AB68-8CA2C30559AC}"
EndProject
Project("{2150E333-8FDC-42A3-9474-1A3956D46DE8}") = "Infra.IoC", "Infra.IoC", "{55CB4183-E14C-4DC1-9C8A-2C1832DC08B9}"
EndProject
Project("{2150E333-8FDC-42A3-9474-1A3956D46DE8}") = "Api", "Api", "{6E119D72-A0E2-4D95-84B2-0AA2079F47B8}"
EndProject
Project("{2150E333-8FDC-42A3-9474-1A3956D46DE8}") = "HealthyMind", "HealthyMind", "{D2CCEA30-E9C9-4FC7-8DB5-7FE3C7401FE3}"
EndProject
Project("{2150E333-8FDC-42A3-9474-1A3956D46DE8}") = "HealthyMind", "HealthyMind", "{0DBED20F-9C34-474F-A7CF-D8EB90A9E282}"
EndProject
Project("{2150E333-8FDC-42A3-9474-1A3956D46DE8}") = "HealthyMind", "HealthyMind", "{00211E2B-5E51-4F03-A0C3-CE4F4C68B0DF}"
EndProject
Project("{2150E333-8FDC-42A3-9474-1A3956D46DE8}") = "HealthyMind", "HealthyMind", "{DE8E34CF-4D36-4893-A48A-44A77422471D}"
EndProject
Project("{2150E333-8FDC-42A3-9474-1A3956D46DE8}") = "HealthyMind", "HealthyMind", "{F63944A9-AC7B-4D1F-AF8C-DA998A648CB4}"
EndProject
Project("{2150E333-8FDC-42A3-9474-1A3956D46DE8}") = "Config", "Config", "{CABF8EFC-AAD8-431E-9A98-359F598BF7E4}"
	ProjectSection(SolutionItems) = preProject
		appsettings.Development.json = appsettings.Development.json
		appsettings.json = appsettings.json
	EndProjectSection
EndProject
Global
	GlobalSection(SolutionConfigurationPlatforms) = preSolution
		Debug|Any CPU = Debug|Any CPU
		Release|Any CPU = Release|Any CPU
	EndGlobalSection
	GlobalSection(ProjectConfigurationPlatforms) = postSolution
		{36CB05AD-4167-4B64-8EE9-AB83414646F7}.Debug|Any CPU.ActiveCfg = Debug|Any CPU
		{36CB05AD-4167-4B64-8EE9-AB83414646F7}.Debug|Any CPU.Build.0 = Debug|Any CPU
		{36CB05AD-4167-4B64-8EE9-AB83414646F7}.Release|Any CPU.ActiveCfg = Release|Any CPU
		{36CB05AD-4167-4B64-8EE9-AB83414646F7}.Release|Any CPU.Build.0 = Release|Any CPU
		{F0DBD896-717A-431D-818E-6DD5CCA1FEB4}.Debug|Any CPU.ActiveCfg = Debug|Any CPU
		{F0DBD896-717A-431D-818E-6DD5CCA1FEB4}.Debug|Any CPU.Build.0 = Debug|Any CPU
		{F0DBD896-717A-431D-818E-6DD5CCA1FEB4}.Release|Any CPU.ActiveCfg = Release|Any CPU
		{F0DBD896-717A-431D-818E-6DD5CCA1FEB4}.Release|Any CPU.Build.0 = Release|Any CPU
		{55DC7CC0-806C-4AF5-8918-226A4DA637BC}.Debug|Any CPU.ActiveCfg = Debug|Any CPU
		{55DC7CC0-806C-4AF5-8918-226A4DA637BC}.Debug|Any CPU.Build.0 = Debug|Any CPU
		{55DC7CC0-806C-4AF5-8918-226A4DA637BC}.Release|Any CPU.ActiveCfg = Release|Any CPU
		{55DC7CC0-806C-4AF5-8918-226A4DA637BC}.Release|Any CPU.Build.0 = Release|Any CPU
		{AC36F383-9303-49FC-92C1-8FBC2DDFB494}.Debug|Any CPU.ActiveCfg = Debug|Any CPU
		{AC36F383-9303-49FC-92C1-8FBC2DDFB494}.Debug|Any CPU.Build.0 = Debug|Any CPU
		{AC36F383-9303-49FC-92C1-8FBC2DDFB494}.Release|Any CPU.ActiveCfg = Release|Any CPU
		{AC36F383-9303-49FC-92C1-8FBC2DDFB494}.Release|Any CPU.Build.0 = Release|Any CPU
		{2ACA79EE-1EE2-467C-948F-9CF061D2495D}.Debug|Any CPU.ActiveCfg = Debug|Any CPU
		{2ACA79EE-1EE2-467C-948F-9CF061D2495D}.Debug|Any CPU.Build.0 = Debug|Any CPU
		{2ACA79EE-1EE2-467C-948F-9CF061D2495D}.Release|Any CPU.ActiveCfg = Release|Any CPU
		{2ACA79EE-1EE2-467C-948F-9CF061D2495D}.Release|Any CPU.Build.0 = Release|Any CPU
		{2067571B-33D9-4554-8CAA-9EBD3CB72CAF}.Debug|Any CPU.ActiveCfg = Debug|Any CPU
		{2067571B-33D9-4554-8CAA-9EBD3CB72CAF}.Debug|Any CPU.Build.0 = Debug|Any CPU
		{2067571B-33D9-4554-8CAA-9EBD3CB72CAF}.Release|Any CPU.ActiveCfg = Release|Any CPU
		{2067571B-33D9-4554-8CAA-9EBD3CB72CAF}.Release|Any CPU.Build.0 = Release|Any CPU
	EndGlobalSection
	GlobalSection(NestedProjects) = preSolution
		{5F61456B-E644-4687-AB68-8CA2C30559AC} = {F9FC8273-48A4-4951-9A25-768F12CDB32F}
		{55CB4183-E14C-4DC1-9C8A-2C1832DC08B9} = {F9FC8273-48A4-4951-9A25-768F12CDB32F}
		{D2CCEA30-E9C9-4FC7-8DB5-7FE3C7401FE3} = {6E119D72-A0E2-4D95-84B2-0AA2079F47B8}
		{0DBED20F-9C34-474F-A7CF-D8EB90A9E282} = {713B0A94-45E7-4B0E-B93F-5EF2E8BE80ED}
		{00211E2B-5E51-4F03-A0C3-CE4F4C68B0DF} = {7D2629E9-953B-4BC8-9A89-9442B3F901F0}
		{DE8E34CF-4D36-4893-A48A-44A77422471D} = {5F61456B-E644-4687-AB68-8CA2C30559AC}
		{F63944A9-AC7B-4D1F-AF8C-DA998A648CB4} = {55CB4183-E14C-4DC1-9C8A-2C1832DC08B9}
		{36CB05AD-4167-4B64-8EE9-AB83414646F7} = {D2CCEA30-E9C9-4FC7-8DB5-7FE3C7401FE3}
		{F0DBD896-717A-431D-818E-6DD5CCA1FEB4} = {0DBED20F-9C34-474F-A7CF-D8EB90A9E282}
		{2ACA79EE-1EE2-467C-948F-9CF061D2495D} = {5F61456B-E644-4687-AB68-8CA2C30559AC}
		{AC36F383-9303-49FC-92C1-8FBC2DDFB494} = {00211E2B-5E51-4F03-A0C3-CE4F4C68B0DF}
		{2067571B-33D9-4554-8CAA-9EBD3CB72CAF} = {55CB4183-E14C-4DC1-9C8A-2C1832DC08B9}
	EndGlobalSection
EndGlobal
